{
    "_meta": {
        "hash": {
            "sha256": "fd9b550fad783db6145b33d1364ac66e9bdf836483eb3278b04dd9c1617087ec"
        },
        "pipfile-spec": 6,
        "requires": {
            "python_version": "3.6"
        },
        "sources": [
            {
                "name": "pypi",
                "url": "https://pypi.org/simple",
                "verify_ssl": true
            }
        ]
    },
    "default": {
        "certifi": {
            "hashes": [
                "sha256:e4f3620cfea4f83eedc95b24abd9cd56f3c4b146dd0177e83a21b4eb49e21e50",
                "sha256:fd7c7c74727ddcf00e9acd26bba8da604ffec95bf1c2144e67aff7a8b50e6cef"
            ],
            "version": "==2019.9.11"
        },
        "chardet": {
            "hashes": [
                "sha256:84ab92ed1c4d4f16916e05906b6b75a6c0fb5db821cc65e70cbd64a3e2a5eaae",
                "sha256:fc323ffcaeaed0e0a02bf4d117757b98aed530d9ed4531e3e15460124c106691"
            ],
            "version": "==3.0.4"
        },
        "click": {
            "hashes": [
                "sha256:2335065e6395b9e67ca716de5f7526736bfa6ceead690adf616d925bdc622b13",
                "sha256:5b94b49521f6456670fdb30cd82a4eca9412788a93fa6dd6df72c94d5a8ff2d7"
            ],
            "version": "==7.0"
        },
        "cpca": {
            "hashes": [
                "sha256:0c2c013e8d1345eed74ba877017b404412ea97038b04124398973187e968488e",
                "sha256:3ae2d1ef7520cd8a9afe9de9d8abf7b792d6491a19c6c12eceb82cced2b83b5e"
            ],
            "index": "pypi",
            "version": "==0.1"
        },
        "flask": {
            "hashes": [
                "sha256:2271c0070dbcb5275fad4a82e29f23ab92682dc45f9dfbc22c02ba9b9322ce48",
                "sha256:a080b744b7e345ccfcbc77954861cb05b3c63786e93f2b3875e0913d44b43f05"
            ],
            "index": "pypi",
            "version": "==1.0.2"
        },
        "idna": {
            "hashes": [
                "sha256:156a6814fb5ac1fc6850fb002e0852d56c0c8d2531923a51032d1b70760e186e",
                "sha256:684a38a6f903c1d71d6d5fac066b58d7768af4de2b832e426ec79c30daa94a16"
            ],
            "version": "==2.7"
        },
        "itsdangerous": {
            "hashes": [
                "sha256:321b033d07f2a4136d3ec762eac9f16a10ccd60f53c0c91af90217ace7ba1f19",
                "sha256:b12271b2047cb23eeb98c8b5622e2e5c5e9abd9784a153e9d8ef9cb4dd09d749"
            ],
            "version": "==1.1.0"
        },
        "jieba": {
            "hashes": [
                "sha256:de385e48582a4862e55a9167334d0fbe91d479026e5dac40e59e22c08b8e883e"
            ],
            "version": "==0.39"
        },
        "jinja2": {
            "hashes": [
                "sha256:74320bb91f31270f9551d46522e33af46a80c3d619f4a4bf42b3164d30b5911f",
                "sha256:9fe95f19286cfefaa917656583d020be14e7859c6b0252588391e47db34527de"
            ],
            "version": "==2.10.3"
        },
        "lxml": {
            "hashes": [
                "sha256:0941f4313208c07734410414d8308812b044fd3fb98573454e3d3a0d2e201f3d",
                "sha256:0b18890aa5730f9d847bc5469e8820f782d72af9985a15a7552109a86b01c113",
                "sha256:21f427945f612ac75576632b1bb8c21233393c961f2da890d7be3927a4b6085f",
                "sha256:24cf6f622a4d49851afcf63ac4f0f3419754d4e98a7a548ab48dd03c635d9bd3",
                "sha256:2dc6705486b8abee1af9e2a3761e30a3cb19e8276f20ca7e137ee6611b93707c",
                "sha256:2e43b2e5b7d2b9abe6e0301eef2c2c122ab45152b968910eae68bdee2c4cfae0",
                "sha256:329a6d8b6d36f7d6f8b6c6a1db3b2c40f7e30a19d3caf62023c9d6a677c1b5e1",
                "sha256:423cde55430a348bda6f1021faad7235c2a95a6bdb749e34824e5758f755817a",
                "sha256:4651ea05939374cfb5fe87aab5271ed38c31ea47997e17ec3834b75b94bd9f15",
                "sha256:4be3bbfb2968d7da6e5c2cd4104fc5ec1caf9c0794f6cae724da5a53b4d9f5a3",
                "sha256:622f7e40faef13d232fb52003661f2764ce6cdef3edb0a59af7c1559e4cc36d1",
                "sha256:664dfd4384d886b239ef0d7ee5cff2b463831079d250528b10e394a322f141f9",
                "sha256:697c0f58ac637b11991a1bc92e07c34da4a72e2eda34d317d2c1c47e2f24c1b3",
                "sha256:6ec908b4c8a4faa7fe1a0080768e2ce733f268b287dfefb723273fb34141475f",
                "sha256:7ec3fe795582b75bb49bb1685ffc462dbe38d74312dac07ce386671a28b5316b",
                "sha256:8c39babd923c431dcf1e5874c0f778d3a5c745a62c3a9b6bd755efd489ee8a1d",
                "sha256:949ca5bc56d6cb73d956f4862ba06ad3c5d2808eac76304284f53ae0c8b2334a",
                "sha256:9f0daddeefb0791a600e6195441910bdf01eac470be596b9467e6122b51239a6",
                "sha256:a359893b01c30e949eae0e8a85671a593364c9f0b8162afe0cb97317af0953bf",
                "sha256:ad5d5d8efed59e6b1d4c50c1eac59fb6ecec91b2073676af1e15fc4d43e9b6c5",
                "sha256:bc1a36f95a6b3667c09b34995fc3a46a82e4cf0dc3e7ab281e4c77b15bd7af05",
                "sha256:be37b3f55b6d7d923f43bf74c356fc1878eb36e28505f38e198cb432c19c7b1a",
                "sha256:c45bca5e544eb75f7500ffd730df72922eb878a2f0213b0dc5a5f357ded3a85d",
                "sha256:ccee7ebbb4735ebc341d347fca9ee09f2fa6c0580528c1414bc4e1d31372835c",
                "sha256:dc62c0840b2fc7753550b40405532a3e125c0d3761f34af948873393aa688160",
                "sha256:f7d9d5aa1c7e54167f1a3cba36b5c52c7c540f30952c9bd7d9302a1eda318424"
            ],
            "index": "pypi",
            "version": "==4.2.3"
        },
        "markupsafe": {
            "hashes": [
                "sha256:00bc623926325b26bb9605ae9eae8a215691f33cae5df11ca5424f06f2d1f473",
                "sha256:09027a7803a62ca78792ad89403b1b7a73a01c8cb65909cd876f7fcebd79b161",
                "sha256:09c4b7f37d6c648cb13f9230d847adf22f8171b1ccc4d5682398e77f40309235",
                "sha256:1027c282dad077d0bae18be6794e6b6b8c91d58ed8a8d89a89d59693b9131db5",
                "sha256:24982cc2533820871eba85ba648cd53d8623687ff11cbb805be4ff7b4c971aff",
                "sha256:29872e92839765e546828bb7754a68c418d927cd064fd4708fab9fe9c8bb116b",
                "sha256:43a55c2930bbc139570ac2452adf3d70cdbb3cfe5912c71cdce1c2c6bbd9c5d1",
                "sha256:46c99d2de99945ec5cb54f23c8cd5689f6d7177305ebff350a58ce5f8de1669e",
                "sha256:500d4957e52ddc3351cabf489e79c91c17f6e0899158447047588650b5e69183",
                "sha256:535f6fc4d397c1563d08b88e485c3496cf5784e927af890fb3c3aac7f933ec66",
                "sha256:62fe6c95e3ec8a7fad637b7f3d372c15ec1caa01ab47926cfdf7a75b40e0eac1",
                "sha256:6dd73240d2af64df90aa7c4e7481e23825ea70af4b4922f8ede5b9e35f78a3b1",
                "sha256:717ba8fe3ae9cc0006d7c451f0bb265ee07739daf76355d06366154ee68d221e",
                "sha256:79855e1c5b8da654cf486b830bd42c06e8780cea587384cf6545b7d9ac013a0b",
                "sha256:7c1699dfe0cf8ff607dbdcc1e9b9af1755371f92a68f706051cc8c37d447c905",
                "sha256:88e5fcfb52ee7b911e8bb6d6aa2fd21fbecc674eadd44118a9cc3863f938e735",
                "sha256:8defac2f2ccd6805ebf65f5eeb132adcf2ab57aa11fdf4c0dd5169a004710e7d",
                "sha256:98c7086708b163d425c67c7a91bad6e466bb99d797aa64f965e9d25c12111a5e",
                "sha256:9add70b36c5666a2ed02b43b335fe19002ee5235efd4b8a89bfcf9005bebac0d",
                "sha256:9bf40443012702a1d2070043cb6291650a0841ece432556f784f004937f0f32c",
                "sha256:ade5e387d2ad0d7ebf59146cc00c8044acbd863725f887353a10df825fc8ae21",
                "sha256:b00c1de48212e4cc9603895652c5c410df699856a2853135b3967591e4beebc2",
                "sha256:b1282f8c00509d99fef04d8ba936b156d419be841854fe901d8ae224c59f0be5",
                "sha256:b2051432115498d3562c084a49bba65d97cf251f5a331c64a12ee7e04dacc51b",
                "sha256:ba59edeaa2fc6114428f1637ffff42da1e311e29382d81b339c1817d37ec93c6",
                "sha256:c8716a48d94b06bb3b2524c2b77e055fb313aeb4ea620c8dd03a105574ba704f",
                "sha256:cd5df75523866410809ca100dc9681e301e3c27567cf498077e8551b6d20e42f",
                "sha256:e249096428b3ae81b08327a63a485ad0878de3fb939049038579ac0ef61e17e7"
            ],
            "version": "==1.1.1"
        },
        "numpy": {
            "hashes": [
                "sha256:0b0dd8f47fb177d00fa6ef2d58783c4f41ad3126b139c91dd2f7c4b3fdf5e9a5",
                "sha256:25ffe71f96878e1da7e014467e19e7db90ae7d4e12affbc73101bcf61785214e",
                "sha256:26efd7f7d755e6ca966a5c0ac5a930a87dbbaab1c51716ac26a38f42ecc9bc4b",
                "sha256:28b1180c758abf34a5c3fea76fcee66a87def1656724c42bb14a6f9717a5bdf7",
                "sha256:2e418f0a59473dac424f888dd57e85f77502a593b207809211c76e5396ae4f5c",
                "sha256:30c84e3a62cfcb9e3066f25226e131451312a044f1fe2040e69ce792cb7de418",
                "sha256:4650d94bb9c947151737ee022b934b7d9a845a7c76e476f3e460f09a0c8c6f39",
                "sha256:4dd830a11e8724c9c9379feed1d1be43113f8bcce55f47ea7186d3946769ce26",
                "sha256:4f2a2b279efde194877aff1f76cf61c68e840db242a5c7169f1ff0fd59a2b1e2",
                "sha256:62d22566b3e3428dfc9ec972014c38ed9a4db4f8969c78f5414012ccd80a149e",
                "sha256:669795516d62f38845c7033679c648903200980d68935baaa17ac5c7ae03ae0c",
                "sha256:75fcd60d682db3e1f8fbe2b8b0c6761937ad56d01c1dc73edf4ef2748d5b6bc4",
                "sha256:9395b0a41e8b7e9a284e3be7060db9d14ad80273841c952c83a5afc241d2bd98",
                "sha256:9e37c35fc4e9410093b04a77d11a34c64bf658565e30df7cbe882056088a91c1",
                "sha256:a0678793096205a4d784bd99f32803ba8100f639cf3b932dc63b21621390ea7e",
                "sha256:b46554ad4dafb2927f88de5a1d207398c5385edbb5c84d30b3ef187c4a3894d8",
                "sha256:c867eeccd934920a800f65c6068acdd6b87e80d45cd8c8beefff783b23cdc462",
                "sha256:dd0667f5be56fb1b570154c2c0516a528e02d50da121bbbb2cbb0b6f87f59bc2",
                "sha256:de2b1c20494bdf47f0160bd88ed05f5e48ae5dc336b8de7cfade71abcc95c0b9",
                "sha256:f1df7b2b7740dd777571c732f98adb5aad5450aee32772f1b39249c8a50386f6",
                "sha256:ffca69e29079f7880c5392bf675eb8b4146479d976ae1924d01cd92b04cccbcc"
            ],
            "version": "==1.17.3"
        },
        "pandas": {
            "hashes": [
                "sha256:0f484f43658a72e7d586a74978259657839b5bd31b903e963bb1b1491ab51775",
                "sha256:0ffc6f9e20e77f3a7dc8baaad9c7fd25b858b084d3a2d8ce877bc3ea804e0636",
                "sha256:23e0eac646419c3057f15eb96ab821964848607bf1d4ea5a82f26565986ec5e9",
                "sha256:27c0603b15b5c6fa24885253bbe49a0c289381e7759385c59308ba4f0b166cf1",
                "sha256:397fe360643fffc5b26b41efdf608647e3334a618d185a07976cd2dc51c90bce",
                "sha256:3dbb3aa41c01504255bff2bd56944bdb915f6c9ce4bac7e2868efbace0b2a639",
                "sha256:4e07c63247c59d61c6ebdbbb50196143cec6c5044403510c4e1a9d31854a83d6",
                "sha256:4fa6d9235c6d2fecbeca82c3d326abd255866cafbfd37f66a0e826544e619760",
                "sha256:56cb88b3876363d410a9d7724f43641ff164e2c9902d3266a648213e2efd5e6d",
                "sha256:7ce1be1614455f83710b9a5dc1fc602a755bdddbe4dda1d41515062923a37bbf",
                "sha256:ae1c96ffdeec376895e533107e0b0f9da16225a2184fbb24a5abc866769db75e",
                "sha256:b6f27c9231be8a23de846f2302373991467dd8e397a4804d2614e8c5aa8d5a90",
                "sha256:c6056067f894f9355bedcd168dd740aa849908d41c0a74756f6e38f203e941b3",
                "sha256:ca91a19d1f0a280874a24dca44aadce42da7f3a7edb7e9ab7c7baad8febee2be",
                "sha256:cbe4985f5c82a173f8cff6b7fe92d551addf99fb4ea9ff4eb4b1fe606bb098ec",
                "sha256:e3e9893bfe80a8b8e6d56d36ebb7afe1df77db7b4068a6e2ef3636a91f6f1caa",
                "sha256:e7b218e8711910dac3fed0d19376cd1ef0e386be5175965d332fd0c65d02a43b",
                "sha256:ec48d18b8b63a5dbb838e8ea7892ee1034299e03f852bd9b6dffe870310414dd",
                "sha256:f4ab6280277e3208a59bfa9f2e51240304d09e69ffb65abfb4a21d678b495f74"
            ],
            "version": "==0.25.2"
        },
        "python-dateutil": {
            "hashes": [
                "sha256:7e6584c74aeed623791615e26efd690f29817a27c73085b78e4bad02493df2fb",
                "sha256:c89805f6f4d64db21ed966fda138f8a5ed7a4fdbc1a8ee329ce1b74e3c74da9e"
            ],
            "version": "==2.8.0"
        },
        "pytz": {
            "hashes": [
                "sha256:1c557d7d0e871de1f5ccd5833f60fb2550652da6be2693c1e02300743d21500d",
                "sha256:b02c06db6cf09c12dd25137e563b31700d3b80fcc4ad23abb7a315f2789819be"
            ],
            "version": "==2019.3"
        },
        "requests": {
            "hashes": [
                "sha256:99dcfdaaeb17caf6e526f32b6a7b780461512ab3f1d992187801694cba42770c",
                "sha256:a84b8c9ab6239b578f22d1c21d51b696dcfe004032bb80ea832398d6909d7279"
            ],
            "index": "pypi",
            "version": "==2.20.0"
        },
        "six": {
            "hashes": [
                "sha256:3350809f0555b11f552448330d0b52d5f24c91a322ea4a15ef22629740f3761c",
                "sha256:d16a0141ec1a18405cd4ce8b4613101da75da0e9a7aec5bdd4fa804d0e0eba73"
            ],
            "version": "==1.12.0"
        },
        "urllib3": {
            "hashes": [
                "sha256:2393a695cd12afedd0dcb26fe5d50d0cf248e5a66f75dbd89a3d4eb333a61af4",
                "sha256:a637e5fae88995b256e3409dc4d52c2e2e0ba32c42a6365fee8bbd2238de3cfb"
            ],
            "version": "==1.24.3"
        },
        "werkzeug": {
            "hashes": [
                "sha256:97660b282aa7e29f94f3fe378e5c7162d7ab9d601a8dbb1cbb2ffc8f0e54607d",
                "sha256:cfd1281b1748288e59762c0e174d64d8bcb2b70e7c57bc4a1203c8825af24ac3"
            ],
            "index": "pypi",
            "version": "==0.15.3"
        }
    },
    "develop": {}
}
